
Microsoft Visual Studio Solution File, Format Version 12.00
# Visual Studio Version 17
VisualStudioVersion = 17.0.32002.185
MinimumVisualStudioVersion = 10.0.40219.1
Project("{FAE04EC0-301F-11D3-BF4B-00C04F79EFBC}") = "ClientRest_20190140005_YasminaAzzahraArifin", "ClientRest_20190140005_YasminaAzzahraArifin\ClientRest_20190140005_YasminaAzzahraArifin.csproj", "{4A24BAFC-821A-4FD7-8C8B-3535E4E8A41F}"
EndProject
Global
	GlobalSection(SolutionConfigurationPlatforms) = preSolution
		Debug|Any CPU = Debug|Any CPU
		Release|Any CPU = Release|Any CPU
	EndGlobalSection
	GlobalSection(ProjectConfigurationPlatforms) = postSolution
		{4A24BAFC-821A-4FD7-8C8B-3535E4E8A41F}.Debug|Any CPU.ActiveCfg = Debug|Any CPU
		{4A24BAFC-821A-4FD7-8C8B-3535E4E8A41F}.Debug|Any CPU.Build.0 = Debug|Any CPU
		{4A24BAFC-821A-4FD7-8C8B-3535E4E8A41F}.Release|Any CPU.ActiveCfg = Release|Any CPU
		{4A24BAFC-821A-4FD7-8C8B-3535E4E8A41F}.Release|Any CPU.Build.0 = Release|Any CPU
	EndGlobalSection
	GlobalSection(SolutionProperties) = preSolution
		HideSolutionNode = FALSE
	EndGlobalSection
	GlobalSection(ExtensibilityGlobals) = postSolution
		SolutionGuid = {80D459E2-8AB7-4674-89BC-0586695566A7}
	EndGlobalSection
EndGlobal
